
Microsoft Visual Studio Solution File, Format Version 12.00
# Visual Studio 15
VisualStudioVersion = 15.0.28307.572
MinimumVisualStudioVersion = 10.0.40219.1
Project("{FAE04EC0-301F-11D3-BF4B-00C04F79EFBC}") = "FB_DataApp", "FB_DataApp\FB_DataApp.csproj", "{A7FEC5AC-243F-42A7-AEC6-5276BEFDA235}"
EndProject
Global
	GlobalSection(SolutionConfigurationPlatforms) = preSolution
		Debug|Any CPU = Debug|Any CPU
		Release|Any CPU = Release|Any CPU
	EndGlobalSection
	GlobalSection(ProjectConfigurationPlatforms) = postSolution
		{A7FEC5AC-243F-42A7-AEC6-5276BEFDA235}.Debug|Any CPU.ActiveCfg = Debug|Any CPU
		{A7FEC5AC-243F-42A7-AEC6-5276BEFDA235}.Debug|Any CPU.Build.0 = Debug|Any CPU
		{A7FEC5AC-243F-42A7-AEC6-5276BEFDA235}.Debug|Any CPU.Deploy.0 = Debug|Any CPU
		{A7FEC5AC-243F-42A7-AEC6-5276BEFDA235}.Release|Any CPU.ActiveCfg = Release|Any CPU
		{A7FEC5AC-243F-42A7-AEC6-5276BEFDA235}.Release|Any CPU.Build.0 = Release|Any CPU
		{A7FEC5AC-243F-42A7-AEC6-5276BEFDA235}.Release|Any CPU.Deploy.0 = Release|Any CPU
	EndGlobalSection
	GlobalSection(SolutionProperties) = preSolution
		HideSolutionNode = FALSE
	EndGlobalSection
	GlobalSection(ExtensibilityGlobals) = postSolution
		SolutionGuid = {CFE6C619-77BD-4917-9B8A-3C39DA9AE57F}
	EndGlobalSection
EndGlobal
